{
  "nodes": {
    "blink-cmp": {
      "inputs": {
        "blink-lib": "blink-lib",
        "nixpkgs": [
          "nixpkgs"
        ]
      },
      "locked": {
        "lastModified": 1780143367,
        "narHash": "sha256-C0x+UPjlgH4a2Sh5AyVdcRR5RQ6gYPykt03U0DWCctM=",
        "owner": "Saghen",
        "repo": "blink.cmp",
        "rev": "2d1ba63342a7fe826ca11328bebabba350222cb9",
        "type": "github"
      },
      "original": {
        "owner": "Saghen",
        "repo": "blink.cmp",
        "type": "github"
      }
    },
    "blink-indent": {
      "flake": false,
      "locked": {
        "lastModified": 1779825724,
        "narHash": "sha256-tOjB8/Gw2+mT2dKRXx8AefnMGX4CSKpXxd+3xt6wgTA=",
        "owner": "buungoo",
        "repo": "blink.indent",
        "rev": "3aa69e895d25c2843313e2baa89221bb595a08dd",
        "type": "github"
      },
      "original": {
        "owner": "buungoo",
        "repo": "blink.indent",
        "type": "github"
      }
    },
    "blink-lib": {
      "inputs": {
        "nixpkgs": [
          "blink-cmp",
          "nixpkgs"
        ]
      },
      "locked": {
        "lastModified": 1779999494,
        "narHash": "sha256-0oQfbISX+VQKPTyFm+V8kHtudDXnJoCCaMYutZ82gUw=",
        "owner": "saghen",
        "repo": "blink.lib",
        "rev": "41bc1199dd1f5f0687efbd522061b22002c2d4c5",
        "type": "github"
      },
      "original": {
        "owner": "saghen",
        "repo": "blink.lib",
        "type": "github"
      }
    },
    "blink-lib_2": {
      "inputs": {
        "nixpkgs": [
          "blink-pairs",
          "nixpkgs"
        ]
      },
      "locked": {
        "lastModified": 1779999494,
        "narHash": "sha256-0oQfbISX+VQKPTyFm+V8kHtudDXnJoCCaMYutZ82gUw=",
        "owner": "saghen",
        "repo": "blink.lib",
        "rev": "41bc1199dd1f5f0687efbd522061b22002c2d4c5",
        "type": "github"
      },
      "original": {
        "owner": "saghen",
        "repo": "blink.lib",
        "type": "github"
      }
    },
    "blink-pairs": {
      "inputs": {
        "blink-lib": "blink-lib_2",
        "nixpkgs": [
          "nixpkgs"
        ]
      },
      "locked": {
        "lastModified": 1780100267,
        "narHash": "sha256-vBw7muX6+VZA/49tLcG+v3NRZltljQMxzs6vl3+R3q8=",
        "owner": "Saghen",
        "repo": "blink.pairs",
        "rev": "44ef9b9eb77cd5dfca471b6f7dc0ee74888626fb",
        "type": "github"
      },
      "original": {
        "owner": "Saghen",
        "repo": "blink.pairs",
        "type": "github"
      }
    },
    "flake-parts": {
      "inputs": {
        "nixpkgs-lib": [
          "neovim-nightly",
          "nixpkgs"
        ]
      },
      "locked": {
        "lastModified": 1778716662,
        "narHash": "sha256-m1Yf0wZ8j1OHjTc2UwHwyQRSnNeSgLJOd7q5Y45hzi4=",
        "owner": "hercules-ci",
        "repo": "flake-parts",
        "rev": "f7c1a2d347e4c52d5fb8d10cb4d94b5884e546fb",
        "type": "github"
      },
      "original": {
        "owner": "hercules-ci",
        "repo": "flake-parts",
        "type": "github"
      }
    },
    "neovim-nightly": {
      "inputs": {
        "flake-parts": "flake-parts",
        "neovim-src": "neovim-src",
        "nixpkgs": [
          "nixpkgs"
        ]
      },
      "locked": {
        "lastModified": 1780099562,
        "narHash": "sha256-KFqNjf3Vtext2p76V3EkBKxokCnbSPIbaZeEGy3ZDOA=",
        "owner": "nix-community",
        "repo": "neovim-nightly-overlay",
        "rev": "7ca23976db3f75a1fdb825e57662efc5be889d52",
        "type": "github"
      },
      "original": {
        "owner": "nix-community",
        "repo": "neovim-nightly-overlay",
        "type": "github"
      }
    },
    "neovim-src": {
      "flake": false,
      "locked": {
        "lastModified": 1780080333,
        "narHash": "sha256-e4v2pbrW4SORyW2Ub1cHSQiqSq+9prlUN11sHiDFT4o=",
        "owner": "neovim",
        "repo": "neovim",
        "rev": "e728c100b5bd4b0c6671d8eb524e15d67cacb42a",
        "type": "github"
      },
      "original": {
        "owner": "neovim",
        "repo": "neovim",
        "type": "github"
      }
    },
    "nixpkgs": {
      "locked": {
        "lastModified": 1779877693,
        "narHash": "sha256-NOF9NAREhxr50bbBfVcVOq+ArCMSoe8dP79Pk2uyARk=",
        "owner": "NixOS",
        "repo": "nixpkgs",
        "rev": "4100e830e085863741bc69b156ec4ccd53ab5be0",
        "type": "github"
      },
      "original": {
        "owner": "NixOS",
        "ref": "nixpkgs-unstable",
        "repo": "nixpkgs",
        "type": "github"
      }
    },
    "plugins-blink-lib": {
      "flake": false,
      "locked": {
        "lastModified": 1780099343,
        "narHash": "sha256-+cV+LgHcPqdwr2/QWFJ5xyCNhxiLb9Zxqqc/4TRYYng=",
        "owner": "Saghen",
        "repo": "blink.lib",
        "rev": "2cb62890cee636fe46722d03b7b2331e54fb3755",
        "type": "github"
      },
      "original": {
        "owner": "Saghen",
        "repo": "blink.lib",
        "type": "github"
      }
    },
    "plugins-line-number-change-mode": {
      "flake": false,
      "locked": {
        "lastModified": 1729012619,
        "narHash": "sha256-5oesT8HB+N4AWfXt9+l/5nrxlhCoEgfcUKk4Jm2U8Fk=",
        "owner": "sethen",
        "repo": "line-number-change-mode.nvim",
        "rev": "0237ad6bd85c5872df66e2e98d7bba27c906382e",
        "type": "github"
      },
      "original": {
        "owner": "sethen",
        "repo": "line-number-change-mode.nvim",
        "type": "github"
      }
    },
    "plugins-nvim-window": {
      "flake": false,
      "locked": {
        "lastModified": 1648064093,
        "narHash": "sha256-3nP/Dxl20g3Q1ojWTUxTE2NUrPq734HsxnzWhH2zttg=",
        "owner": "yorickpeterse",
        "repo": "nvim-window",
        "rev": "dd0a6b230003ef35524853d71e5413f88fd2ba74",
        "type": "gitlab"
      },
      "original": {
        "owner": "yorickpeterse",
        "repo": "nvim-window",
        "type": "gitlab"
      }
    },
    "plugins-tiny-cmdline": {
      "flake": false,
      "locked": {
        "lastModified": 1775905242,
        "narHash": "sha256-tD1DrY4mpPf5Qo9jZEBqSxOOqzk2Ssl1srH4mu+cN5g=",
        "owner": "rachartier",
        "repo": "tiny-cmdline.nvim",
        "rev": "ad58747b955d0743ccfd56e97da1a4c1fac89f58",
        "type": "github"
      },
      "original": {
        "owner": "rachartier",
        "repo": "tiny-cmdline.nvim",
        "type": "github"
      }
    },
    "root": {
      "inputs": {
        "blink-cmp": "blink-cmp",
        "blink-indent": "blink-indent",
        "blink-pairs": "blink-pairs",
        "neovim-nightly": "neovim-nightly",
        "nixpkgs": "nixpkgs",
        "plugins-blink-lib": "plugins-blink-lib",
        "plugins-line-number-change-mode": "plugins-line-number-change-mode",
        "plugins-nvim-window": "plugins-nvim-window",
        "plugins-tiny-cmdline": "plugins-tiny-cmdline",
        "wrappers": "wrappers"
      }
    },
    "wrappers": {
      "inputs": {
        "nixpkgs": [
          "nixpkgs"
        ]
      },
      "locked": {
        "lastModified": 1779886850,
        "narHash": "sha256-Udj+9DzeLccvPKoW9Q8xFdqIhrw2jhYMoqxBv+8iWzo=",
        "owner": "BirdeeHub",
        "repo": "nix-wrapper-modules",
        "rev": "168fd6f514a9f8fa47df4fdcf9ecd61db10aec68",
        "type": "github"
      },
      "original": {
        "owner": "BirdeeHub",
        "repo": "nix-wrapper-modules",
        "type": "github"
      }
    }
  },
  "root": "root",
  "version": 7
}
