{
  "nodes": {
    "blink-cmp": {
      "inputs": {
        "blink-lib": "blink-lib",
        "nixpkgs": [
          "nixpkgs"
        ]
      },
      "locked": {
        "lastModified": 1781983794,
        "narHash": "sha256-zasVwual6ectjIjxNgUftw090ZKHw23Abo7/RK1U/90=",
        "owner": "Saghen",
        "repo": "blink.cmp",
        "rev": "bda905a4bf1b3edfa708b0be193b8c63d8620c96",
        "type": "github"
      },
      "original": {
        "owner": "Saghen",
        "repo": "blink.cmp",
        "type": "github"
      }
    },
    "blink-indent": {
      "flake": false,
      "locked": {
        "lastModified": 1779825724,
        "narHash": "sha256-tOjB8/Gw2+mT2dKRXx8AefnMGX4CSKpXxd+3xt6wgTA=",
        "owner": "buungoo",
        "repo": "blink.indent",
        "rev": "3aa69e895d25c2843313e2baa89221bb595a08dd",
        "type": "github"
      },
      "original": {
        "owner": "buungoo",
        "repo": "blink.indent",
        "type": "github"
      }
    },
    "blink-lib": {
      "inputs": {
        "nixpkgs": [
          "blink-cmp",
          "nixpkgs"
        ]
      },
      "locked": {
        "lastModified": 1780479614,
        "narHash": "sha256-YlvnmeKny7pGL5+tAqtZK84WxJ/vKwCMG5CP9xJEnUg=",
        "owner": "saghen",
        "repo": "blink.lib",
        "rev": "b127d48bf8e9ac9cf41f6e0fbead317503f76558",
        "type": "github"
      },
      "original": {
        "owner": "saghen",
        "repo": "blink.lib",
        "type": "github"
      }
    },
    "blink-lib_2": {
      "inputs": {
        "nixpkgs": [
          "blink-pairs",
          "nixpkgs"
        ]
      },
      "locked": {
        "lastModified": 1780479614,
        "narHash": "sha256-YlvnmeKny7pGL5+tAqtZK84WxJ/vKwCMG5CP9xJEnUg=",
        "owner": "saghen",
        "repo": "blink.lib",
        "rev": "b127d48bf8e9ac9cf41f6e0fbead317503f76558",
        "type": "github"
      },
      "original": {
        "owner": "saghen",
        "repo": "blink.lib",
        "type": "github"
      }
    },
    "blink-pairs": {
      "inputs": {
        "blink-lib": "blink-lib_2",
        "nixpkgs": [
          "nixpkgs"
        ]
      },
      "locked": {
        "lastModified": 1781880466,
        "narHash": "sha256-Vbk0einYXpmqbHerw7YK38zp+m1x4QKpgRrVS3TBNYU=",
        "owner": "Saghen",
        "repo": "blink.pairs",
        "rev": "d0f00431105f773ae50cdc0fa03208448f5f829e",
        "type": "github"
      },
      "original": {
        "owner": "Saghen",
        "repo": "blink.pairs",
        "type": "github"
      }
    },
    "flake-parts": {
      "inputs": {
        "nixpkgs-lib": [
          "neovim-nightly",
          "nixpkgs"
        ]
      },
      "locked": {
        "lastModified": 1778716662,
        "narHash": "sha256-m1Yf0wZ8j1OHjTc2UwHwyQRSnNeSgLJOd7q5Y45hzi4=",
        "owner": "hercules-ci",
        "repo": "flake-parts",
        "rev": "f7c1a2d347e4c52d5fb8d10cb4d94b5884e546fb",
        "type": "github"
      },
      "original": {
        "owner": "hercules-ci",
        "repo": "flake-parts",
        "type": "github"
      }
    },
    "neovim-nightly": {
      "inputs": {
        "flake-parts": "flake-parts",
        "neovim-src": "neovim-src",
        "nixpkgs": [
          "nixpkgs"
        ]
      },
      "locked": {
        "lastModified": 1782259443,
        "narHash": "sha256-BWSxKmixHQpfFHR50ACAcye2vOHpfCbmdS+OLROOuao=",
        "owner": "nix-community",
        "repo": "neovim-nightly-overlay",
        "rev": "614c15340b3e23c5af61ee6542428cc191666eec",
        "type": "github"
      },
      "original": {
        "owner": "nix-community",
        "repo": "neovim-nightly-overlay",
        "type": "github"
      }
    },
    "neovim-src": {
      "flake": false,
      "locked": {
        "lastModified": 1782258311,
        "narHash": "sha256-7FZP00WNywDCqN8w8nDxE0g1sAJiM3lHJp2bbjHZzsI=",
        "owner": "neovim",
        "repo": "neovim",
        "rev": "c7f83f90ed164d16b4ef13ff895fdf65fea0be10",
        "type": "github"
      },
      "original": {
        "owner": "neovim",
        "repo": "neovim",
        "type": "github"
      }
    },
    "nixpkgs": {
      "locked": {
        "lastModified": 1782118813,
        "narHash": "sha256-BnbXO5s5EhV89lLXMAGCzPdEN5a6vNqvMk71obeTEUw=",
        "owner": "NixOS",
        "repo": "nixpkgs",
        "rev": "b3c092d3c36d91e2f61f3dfb39a159f180a56659",
        "type": "github"
      },
      "original": {
        "owner": "NixOS",
        "ref": "nixpkgs-unstable",
        "repo": "nixpkgs",
        "type": "github"
      }
    },
    "plugins-blink-lib": {
      "flake": false,
      "locked": {
        "lastModified": 1781847435,
        "narHash": "sha256-FsDcgBiD3fl0EO1advAoQBbA2HY1p8Ja7lwhmpB++Zc=",
        "owner": "Saghen",
        "repo": "blink.lib",
        "rev": "5876dd95deeb70aadbe9f1c0b7117a135061cdac",
        "type": "github"
      },
      "original": {
        "owner": "Saghen",
        "repo": "blink.lib",
        "type": "github"
      }
    },
    "plugins-line-number-change-mode": {
      "flake": false,
      "locked": {
        "lastModified": 1729012619,
        "narHash": "sha256-5oesT8HB+N4AWfXt9+l/5nrxlhCoEgfcUKk4Jm2U8Fk=",
        "owner": "sethen",
        "repo": "line-number-change-mode.nvim",
        "rev": "0237ad6bd85c5872df66e2e98d7bba27c906382e",
        "type": "github"
      },
      "original": {
        "owner": "sethen",
        "repo": "line-number-change-mode.nvim",
        "type": "github"
      }
    },
    "plugins-nvim-window": {
      "flake": false,
      "locked": {
        "lastModified": 1648064093,
        "narHash": "sha256-3nP/Dxl20g3Q1ojWTUxTE2NUrPq734HsxnzWhH2zttg=",
        "owner": "yorickpeterse",
        "repo": "nvim-window",
        "rev": "dd0a6b230003ef35524853d71e5413f88fd2ba74",
        "type": "gitlab"
      },
      "original": {
        "owner": "yorickpeterse",
        "repo": "nvim-window",
        "type": "gitlab"
      }
    },
    "plugins-tiny-cmdline": {
      "flake": false,
      "locked": {
        "lastModified": 1782238557,
        "narHash": "sha256-DEfoqGFoGdybgZyO+Jqxz4gYkrgoek4cQYulLEsvnU8=",
        "owner": "rachartier",
        "repo": "tiny-cmdline.nvim",
        "rev": "e247d9ee4c980734f8f8bf616d31e0ab7c27485d",
        "type": "github"
      },
      "original": {
        "owner": "rachartier",
        "repo": "tiny-cmdline.nvim",
        "type": "github"
      }
    },
    "root": {
      "inputs": {
        "blink-cmp": "blink-cmp",
        "blink-indent": "blink-indent",
        "blink-pairs": "blink-pairs",
        "neovim-nightly": "neovim-nightly",
        "nixpkgs": "nixpkgs",
        "plugins-blink-lib": "plugins-blink-lib",
        "plugins-line-number-change-mode": "plugins-line-number-change-mode",
        "plugins-nvim-window": "plugins-nvim-window",
        "plugins-tiny-cmdline": "plugins-tiny-cmdline",
        "smart-paste": "smart-paste",
        "wrappers": "wrappers"
      }
    },
    "smart-paste": {
      "flake": false,
      "locked": {
        "lastModified": 1777903841,
        "narHash": "sha256-aJIiei3YCFKKD9KzytifOjO+KIhhL5EFdfVkpAv2hJc=",
        "owner": "nemanjamalesija",
        "repo": "smart-paste.nvim",
        "rev": "7a461d3d83a6bee199d3f1c0b177f7f3e22fa371",
        "type": "github"
      },
      "original": {
        "owner": "nemanjamalesija",
        "repo": "smart-paste.nvim",
        "type": "github"
      }
    },
    "wrappers": {
      "inputs": {
        "nixpkgs": [
          "nixpkgs"
        ]
      },
      "locked": {
        "lastModified": 1782135443,
        "narHash": "sha256-vAmbArdCyjqpVW+37aCy/PMBOLIqukUXLQuEKLwUhA4=",
        "owner": "BirdeeHub",
        "repo": "nix-wrapper-modules",
        "rev": "6e7f66fa2cdf4d63162580b438f7fcf87c28a46f",
        "type": "github"
      },
      "original": {
        "owner": "BirdeeHub",
        "repo": "nix-wrapper-modules",
        "type": "github"
      }
    }
  },
  "root": "root",
  "version": 7
}
