{
  "nodes": {
    "blink-cmp": {
      "inputs": {
        "blink-lib": "blink-lib",
        "nixpkgs": [
          "nixpkgs"
        ]
      },
      "locked": {
        "lastModified": 1781983794,
        "narHash": "sha256-zasVwual6ectjIjxNgUftw090ZKHw23Abo7/RK1U/90=",
        "owner": "Saghen",
        "repo": "blink.cmp",
        "rev": "bda905a4bf1b3edfa708b0be193b8c63d8620c96",
        "type": "github"
      },
      "original": {
        "owner": "Saghen",
        "repo": "blink.cmp",
        "type": "github"
      }
    },
    "blink-indent": {
      "flake": false,
      "locked": {
        "lastModified": 1779825724,
        "narHash": "sha256-tOjB8/Gw2+mT2dKRXx8AefnMGX4CSKpXxd+3xt6wgTA=",
        "owner": "buungoo",
        "repo": "blink.indent",
        "rev": "3aa69e895d25c2843313e2baa89221bb595a08dd",
        "type": "github"
      },
      "original": {
        "owner": "buungoo",
        "repo": "blink.indent",
        "type": "github"
      }
    },
    "blink-lib": {
      "inputs": {
        "nixpkgs": [
          "blink-cmp",
          "nixpkgs"
        ]
      },
      "locked": {
        "lastModified": 1780479614,
        "narHash": "sha256-YlvnmeKny7pGL5+tAqtZK84WxJ/vKwCMG5CP9xJEnUg=",
        "owner": "saghen",
        "repo": "blink.lib",
        "rev": "b127d48bf8e9ac9cf41f6e0fbead317503f76558",
        "type": "github"
      },
      "original": {
        "owner": "saghen",
        "repo": "blink.lib",
        "type": "github"
      }
    },
    "flake-parts": {
      "inputs": {
        "nixpkgs-lib": [
          "neovim-nightly",
          "nixpkgs"
        ]
      },
      "locked": {
        "lastModified": 1778716662,
        "narHash": "sha256-m1Yf0wZ8j1OHjTc2UwHwyQRSnNeSgLJOd7q5Y45hzi4=",
        "owner": "hercules-ci",
        "repo": "flake-parts",
        "rev": "f7c1a2d347e4c52d5fb8d10cb4d94b5884e546fb",
        "type": "github"
      },
      "original": {
        "owner": "hercules-ci",
        "repo": "flake-parts",
        "type": "github"
      }
    },
    "neovim-nightly": {
      "inputs": {
        "flake-parts": "flake-parts",
        "neovim-src": "neovim-src",
        "nixpkgs": [
          "nixpkgs"
        ]
      },
      "locked": {
        "lastModified": 1782173092,
        "narHash": "sha256-w6J7mhMUI5wXzsnHJQUX8BURO2f+e98q0LzfpBVCCdE=",
        "owner": "nix-community",
        "repo": "neovim-nightly-overlay",
        "rev": "70cfacc6ea1a24851e6d5c550456a95d4ca35f80",
        "type": "github"
      },
      "original": {
        "owner": "nix-community",
        "repo": "neovim-nightly-overlay",
        "type": "github"
      }
    },
    "neovim-src": {
      "flake": false,
      "locked": {
        "lastModified": 1782169544,
        "narHash": "sha256-unNGqW0tmsqjdO1E6iOtYDIWu6MbesArGYlm8eYOe3s=",
        "owner": "neovim",
        "repo": "neovim",
        "rev": "313be457f5d854b3a078f8db599a055060ce11b6",
        "type": "github"
      },
      "original": {
        "owner": "neovim",
        "repo": "neovim",
        "type": "github"
      }
    },
    "nixpkgs": {
      "locked": {
        "lastModified": 1781607440,
        "narHash": "sha256-rxO+uc/KFbSJp+pgyXRuAX6QlG9hJdnt0BXpEQRXY+U=",
        "owner": "NixOS",
        "repo": "nixpkgs",
        "rev": "3e41b24abd260e8f71dbe2f5737d24122f972158",
        "type": "github"
      },
      "original": {
        "owner": "NixOS",
        "ref": "nixpkgs-unstable",
        "repo": "nixpkgs",
        "type": "github"
      }
    },
    "plugins-blink-lib": {
      "flake": false,
      "locked": {
        "lastModified": 1781847435,
        "narHash": "sha256-FsDcgBiD3fl0EO1advAoQBbA2HY1p8Ja7lwhmpB++Zc=",
        "owner": "Saghen",
        "repo": "blink.lib",
        "rev": "5876dd95deeb70aadbe9f1c0b7117a135061cdac",
        "type": "github"
      },
      "original": {
        "owner": "Saghen",
        "repo": "blink.lib",
        "type": "github"
      }
    },
    "plugins-line-number-change-mode": {
      "flake": false,
      "locked": {
        "lastModified": 1729012619,
        "narHash": "sha256-5oesT8HB+N4AWfXt9+l/5nrxlhCoEgfcUKk4Jm2U8Fk=",
        "owner": "sethen",
        "repo": "line-number-change-mode.nvim",
        "rev": "0237ad6bd85c5872df66e2e98d7bba27c906382e",
        "type": "github"
      },
      "original": {
        "owner": "sethen",
        "repo": "line-number-change-mode.nvim",
        "type": "github"
      }
    },
    "plugins-nvim-window": {
      "flake": false,
      "locked": {
        "lastModified": 1648064093,
        "narHash": "sha256-3nP/Dxl20g3Q1ojWTUxTE2NUrPq734HsxnzWhH2zttg=",
        "owner": "yorickpeterse",
        "repo": "nvim-window",
        "rev": "dd0a6b230003ef35524853d71e5413f88fd2ba74",
        "type": "gitlab"
      },
      "original": {
        "owner": "yorickpeterse",
        "repo": "nvim-window",
        "type": "gitlab"
      }
    },
    "plugins-tiny-cmdline": {
      "flake": false,
      "locked": {
        "lastModified": 1780262848,
        "narHash": "sha256-O2j7KGqlFGl1oHW/0yRmDDTGIHn4hnpShgHcX++KWz4=",
        "owner": "rachartier",
        "repo": "tiny-cmdline.nvim",
        "rev": "b1db8607a78f0c23b3bae08e079b1b7f147619d7",
        "type": "github"
      },
      "original": {
        "owner": "rachartier",
        "repo": "tiny-cmdline.nvim",
        "type": "github"
      }
    },
    "root": {
      "inputs": {
        "blink-cmp": "blink-cmp",
        "blink-indent": "blink-indent",
        "neovim-nightly": "neovim-nightly",
        "nixpkgs": "nixpkgs",
        "plugins-blink-lib": "plugins-blink-lib",
        "plugins-line-number-change-mode": "plugins-line-number-change-mode",
        "plugins-nvim-window": "plugins-nvim-window",
        "plugins-tiny-cmdline": "plugins-tiny-cmdline",
        "wrappers": "wrappers"
      }
    },
    "wrappers": {
      "inputs": {
        "nixpkgs": [
          "nixpkgs"
        ]
      },
      "locked": {
        "lastModified": 1782135443,
        "narHash": "sha256-vAmbArdCyjqpVW+37aCy/PMBOLIqukUXLQuEKLwUhA4=",
        "owner": "BirdeeHub",
        "repo": "nix-wrapper-modules",
        "rev": "6e7f66fa2cdf4d63162580b438f7fcf87c28a46f",
        "type": "github"
      },
      "original": {
        "owner": "BirdeeHub",
        "repo": "nix-wrapper-modules",
        "type": "github"
      }
    }
  },
  "root": "root",
  "version": 7
}
